// !$*UTF8*$!
{
	archiveVersion = 1;
	classes = {
	};
	objectVersion = 77;
	objects = {

/* Begin PBXContainerItemProxy section */
		41E8B1302DC1132400B22B0F /* PBXContainerItemProxy */ = {
			isa = PBXContainerItemProxy;
			containerPortal = 41E8B11A2DC1132100B22B0F /* Project object */;
			proxyType = 1;
			remoteGlobalIDString = 41E8B1212DC1132100B22B0F;
			remoteInfo = bookSummary;
		};
		41E8B13A2DC1132400B22B0F /* PBXContainerItemProxy */ = {
			isa = PBXContainerItemProxy;
			containerPortal = 41E8B11A2DC1132100B22B0F /* Project object */;
			proxyType = 1;
			remoteGlobalIDString = 41E8B1212DC1132100B22B0F;
			remoteInfo = bookSummary;
		};
/* End PBXContainerItemProxy section */

/* Begin PBXFileReference section */
		41E8B1222DC1132100B22B0F /* bookSummary.app */ = {isa = PBXFileReference; explicitFileType = wrapper.application; includeInIndex = 0; path = bookSummary.app; sourceTree = BUILT_PRODUCTS_DIR; };
		41E8B12F2DC1132400B22B0F /* bookSummaryTests.xctest */ = {isa = PBXFileReference; explicitFileType = wrapper.cfbundle; includeInIndex = 0; path = bookSummaryTests.xctest; sourceTree = BUILT_PRODUCTS_DIR; };
		41E8B1392DC1132400B22B0F /* bookSummaryUITests.xctest */ = {isa = PBXFileReference; explicitFileType = wrapper.cfbundle; includeInIndex = 0; path = bookSummaryUITests.xctest; sourceTree = BUILT_PRODUCTS_DIR; };
/* End PBXFileReference section */

/* Begin PBXFileSystemSynchronizedRootGroup section */
		41E8B1242DC1132100B22B0F /* bookSummary */ = {
			isa = PBXFileSystemSynchronizedRootGroup;
			path = bookSummary;
			sourceTree = "<group>";
		};
		41E8B1322DC1132400B22B0F /* bookSummaryTests */ = {
			isa = PBXFileSystemSynchronizedRootGroup;
			path = bookSummaryTests;
			sourceTree = "<group>";
		};
		41E8B13C2DC1132400B22B0F /* bookSummaryUITests */ = {
			isa = PBXFileSystemSynchronizedRootGroup;
			path = bookSummaryUITests;
			sourceTree = "<group>";
		};
/* End PBXFileSystemSynchronizedRootGroup section */

/* Begin PBXFrameworksBuildPhase section */
		41E8B11F2DC1132100B22B0F /* Frameworks */ = {
			isa = PBXFrameworksBuildPhase;
			buildActionMask = 2147483647;
			files = (
			);
			runOnlyForDeploymentPostprocessing = 0;
		};
		41E8B12C2DC1132400B22B0F /* Frameworks */ = {
			isa = PBXFrameworksBuildPhase;
			buildActionMask = 2147483647;
			files = (
			);
			runOnlyForDeploymentPostprocessing = 0;
		};
		41E8B1362DC1132400B22B0F /* Frameworks */ = {
			isa = PBXFrameworksBuildPhase;
			buildActionMask = 2147483647;
			files = (
			);
			runOnlyForDeploymentPostprocessing = 0;
		};
/* End PBXFrameworksBuildPhase section */

/* Begin PBXGroup section */
		41E8B1192DC1132100B22B0F = {
			isa = PBXGroup;
			children = (
				41E8B1242DC1132100B22B0F /* bookSummary */,
				41E8B1322DC1132400B22B0F /* bookSummaryTests */,
				41E8B13C2DC1132400B22B0F /* bookSummaryUITests */,
				41E8B1232DC1132100B22B0F /* Products */,
			);
			sourceTree = "<group>";
		};
		41E8B1232DC1132100B22B0F /* Products */ = {
			isa = PBXGroup;
			children = (
				41E8B1222DC1132100B22B0F /* bookSummary.app */,
				41E8B12F2DC1132400B22B0F /* bookSummaryTests.xctest */,
				41E8B1392DC1132400B22B0F /* bookSummaryUITests.xctest */,
			);
			name = Products;
			sourceTree = "<group>";
		};
/* End PBXGroup section */

/* Begin PBXNativeTarget section */
		41E8B1212DC1132100B22B0F /* bookSummary */ = {
			isa = PBXNativeTarget;
			buildConfigurationList = 41E8B1432DC1132400B22B0F /* Build configuration list for PBXNativeTarget "bookSummary" */;
			buildPhases = (
				41E8B11E2DC1132100B22B0F /* Sources */,
				41E8B11F2DC1132100B22B0F /* Frameworks */,
				41E8B1202DC1132100B22B0F /* Resources */,
			);
			buildRules = (
			);
			dependencies = (
			);
			fileSystemSynchronizedGroups = (
				41E8B1242DC1132100B22B0F /* bookSummary */,
			);
			name = bookSummary;
			packageProductDependencies = (
			);
			productName = bookSummary;
			productReference = 41E8B1222DC1132100B22B0F /* bookSummary.app */;
			productType = "com.apple.product-type.application";
		};
		41E8B12E2DC1132400B22B0F /* bookSummaryTests */ = {
			isa = PBXNativeTarget;
			buildConfigurationList = 41E8B1462DC1132400B22B0F /* Build configuration list for PBXNativeTarget "bookSummaryTests" */;
			buildPhases = (
				41E8B12B2DC1132400B22B0F /* Sources */,
				41E8B12C2DC1132400B22B0F /* Frameworks */,
				41E8B12D2DC1132400B22B0F /* Resources */,
			);
			buildRules = (
			);
			dependencies = (
				41E8B1312DC1132400B22B0F /* PBXTargetDependency */,
			);
			fileSystemSynchronizedGroups = (
				41E8B1322DC1132400B22B0F /* bookSummaryTests */,
			);
			name = bookSummaryTests;
			packageProductDependencies = (
			);
			productName = bookSummaryTests;
			productReference = 41E8B12F2DC1132400B22B0F /* bookSummaryTests.xctest */;
			productType = "com.apple.product-type.bundle.unit-test";
		};
		41E8B1382DC1132400B22B0F /* bookSummaryUITests */ = {
			isa = PBXNativeTarget;
			buildConfigurationList = 41E8B1492DC1132400B22B0F /* Build configuration list for PBXNativeTarget "bookSummaryUITests" */;
			buildPhases = (
				41E8B1352DC1132400B22B0F /* Sources */,
				41E8B1362DC1132400B22B0F /* Frameworks */,
				41E8B1372DC1132400B22B0F /* Resources */,
			);
			buildRules = (
			);
			dependencies = (
				41E8B13B2DC1132400B22B0F /* PBXTargetDependency */,
			);
			fileSystemSynchronizedGroups = (
				41E8B13C2DC1132400B22B0F /* bookSummaryUITests */,
			);
			name = bookSummaryUITests;
			packageProductDependencies = (
			);
			productName = bookSummaryUITests;
			productReference = 41E8B1392DC1132400B22B0F /* bookSummaryUITests.xctest */;
			productType = "com.apple.product-type.bundle.ui-testing";
		};
/* End PBXNativeTarget section */

/* Begin PBXProject section */
		41E8B11A2DC1132100B22B0F /* Project object */ = {
			isa = PBXProject;
			attributes = {
				BuildIndependentTargetsInParallel = 1;
				LastSwiftUpdateCheck = 1630;
				LastUpgradeCheck = 1630;
				TargetAttributes = {
					41E8B1212DC1132100B22B0F = {
						CreatedOnToolsVersion = 16.3;
					};
					41E8B12E2DC1132400B22B0F = {
						CreatedOnToolsVersion = 16.3;
						TestTargetID = 41E8B1212DC1132100B22B0F;
					};
					41E8B1382DC1132400B22B0F = {
						CreatedOnToolsVersion = 16.3;
						TestTargetID = 41E8B1212DC1132100B22B0F;
					};
				};
			};
			buildConfigurationList = 41E8B11D2DC1132100B22B0F /* Build configuration list for PBXProject "bookSummary" */;
			developmentRegion = en;
			hasScannedForEncodings = 0;
			knownRegions = (
				en,
				Base,
			);
			mainGroup = 41E8B1192DC1132100B22B0F;
			minimizedProjectReferenceProxies = 1;
			preferredProjectObjectVersion = 77;
			productRefGroup = 41E8B1232DC1132100B22B0F /* Products */;
			projectDirPath = "";
			projectRoot = "";
			targets = (
				41E8B1212DC1132100B22B0F /* bookSummary */,
				41E8B12E2DC1132400B22B0F /* bookSummaryTests */,
				41E8B1382DC1132400B22B0F /* bookSummaryUITests */,
			);
		};
/* End PBXProject section */

/* Begin PBXResourcesBuildPhase section */
		41E8B1202DC1132100B22B0F /* Resources */ = {
			isa = PBXResourcesBuildPhase;
			buildActionMask = 2147483647;
			files = (
			);
			runOnlyForDeploymentPostprocessing = 0;
		};
		41E8B12D2DC1132400B22B0F /* Resources */ = {
			isa = PBXResourcesBuildPhase;
			buildActionMask = 2147483647;
			files = (
			);
			runOnlyForDeploymentPostprocessing = 0;
		};
		41E8B1372DC1132400B22B0F /* Resources */ = {
			isa = PBXResourcesBuildPhase;
			buildActionMask = 2147483647;
			files = (
			);
			runOnlyForDeploymentPostprocessing = 0;
		};
/* End PBXResourcesBuildPhase section */

/* Begin PBXSourcesBuildPhase section */
		41E8B11E2DC1132100B22B0F /* Sources */ = {
			isa = PBXSourcesBuildPhase;
			buildActionMask = 2147483647;
			files = (
			);
			runOnlyForDeploymentPostprocessing = 0;
		};
		41E8B12B2DC1132400B22B0F /* Sources */ = {
			isa = PBXSourcesBuildPhase;
			buildActionMask = 2147483647;
			files = (
			);
			runOnlyForDeploymentPostprocessing = 0;
		};
		41E8B1352DC1132400B22B0F /* Sources */ = {
			isa = PBXSourcesBuildPhase;
			buildActionMask = 2147483647;
			files = (
			);
			runOnlyForDeploymentPostprocessing = 0;
		};
/* End PBXSourcesBuildPhase section */

/* Begin PBXTargetDependency section */
		41E8B1312DC1132400B22B0F /* PBXTargetDependency */ = {
			isa = PBXTargetDependency;
			target = 41E8B1212DC1132100B22B0F /* bookSummary */;
			targetProxy = 41E8B1302DC1132400B22B0F /* PBXContainerItemProxy */;
		};
		41E8B13B2DC1132400B22B0F /* PBXTargetDependency */ = {
			isa = PBXTargetDependency;
			target = 41E8B1212DC1132100B22B0F /* bookSummary */;
			targetProxy = 41E8B13A2DC1132400B22B0F /* PBXContainerItemProxy */;
		};
/* End PBXTargetDependency section */

/* Begin XCBuildConfiguration section */
		41E8B1412DC1132400B22B0F /* Debug */ = {
			isa = XCBuildConfiguration;
			buildSettings = {
				ALWAYS_SEARCH_USER_PATHS = NO;
				ASSETCATALOG_COMPILER_GENERATE_SWIFT_ASSET_SYMBOL_EXTENSIONS = YES;
				CLANG_ANALYZER_NONNULL = YES;
				CLANG_ANALYZER_NUMBER_OBJECT_CONVERSION = YES_AGGRESSIVE;
				CLANG_CXX_LANGUAGE_STANDARD = "gnu++20";
				CLANG_ENABLE_MODULES = YES;
				CLANG_ENABLE_OBJC_ARC = YES;
				CLANG_ENABLE_OBJC_WEAK = YES;
				CLANG_WARN_BLOCK_CAPTURE_AUTORELEASING = YES;
				CLANG_WARN_BOOL_CONVERSION = YES;
				CLANG_WARN_COMMA = YES;
				CLANG_WARN_CONSTANT_CONVERSION = YES;
				CLANG_WARN_DEPRECATED_OBJC_IMPLEMENTATIONS = YES;
				CLANG_WARN_DIRECT_OBJC_ISA_USAGE = YES_ERROR;
				CLANG_WARN_DOCUMENTATION_COMMENTS = YES;
				CLANG_WARN_EMPTY_BODY = YES;
				CLANG_WARN_ENUM_CONVERSION = YES;
				CLANG_WARN_INFINITE_RECURSION = YES;
				CLANG_WARN_INT_CONVERSION = YES;
				CLANG_WARN_NON_LITERAL_NULL_CONVERSION = YES;
				CLANG_WARN_OBJC_IMPLICIT_RETAIN_SELF = YES;
				CLANG_WARN_OBJC_LITERAL_CONVERSION = YES;
				CLANG_WARN_OBJC_ROOT_CLASS = YES_ERROR;
				CLANG_WARN_QUOTED_INCLUDE_IN_FRAMEWORK_HEADER = YES;
				CLANG_WARN_RANGE_LOOP_ANALYSIS = YES;
				CLANG_WARN_STRICT_PROTOTYPES = YES;
				CLANG_WARN_SUSPICIOUS_MOVE = YES;
				CLANG_WARN_UNGUARDED_AVAILABILITY = YES_AGGRESSIVE;
				CLANG_WARN_UNREACHABLE_CODE = YES;
				CLANG_WARN__DUPLICATE_METHOD_MATCH = YES;
				COPY_PHASE_STRIP = NO;
				DEBUG_INFORMATION_FORMAT = dwarf;
				DEVELOPMENT_TEAM = G2FHPN9ZR2;
				ENABLE_STRICT_OBJC_MSGSEND = YES;
				ENABLE_TESTABILITY = YES;
				ENABLE_USER_SCRIPT_SANDBOXING = YES;
				GCC_C_LANGUAGE_STANDARD = gnu17;
				GCC_DYNAMIC_NO_PIC = NO;
				GCC_NO_COMMON_BLOCKS = YES;
				GCC_OPTIMIZATION_LEVEL = 0;
				GCC_PREPROCESSOR_DEFINITIONS = (
					"DEBUG=1",
					"$(inherited)",
				);
				GCC_WARN_64_TO_32_BIT_CONVERSION = YES;
				GCC_WARN_ABOUT_RETURN_TYPE = YES_ERROR;
				GCC_WARN_UNDECLARED_SELECTOR = YES;
				GCC_WARN_UNINITIALIZED_AUTOS = YES_AGGRESSIVE;
				GCC_WARN_UNUSED_FUNCTION = YES;
				GCC_WARN_UNUSED_VARIABLE = YES;
				IPHONEOS_DEPLOYMENT_TARGET = 18.4;
				LOCALIZATION_PREFERS_STRING_CATALOGS = YES;
				MTL_ENABLE_DEBUG_INFO = INCLUDE_SOURCE;
				MTL_FAST_MATH = YES;
				ONLY_ACTIVE_ARCH = YES;
				SDKROOT = iphoneos;
				SWIFT_ACTIVE_COMPILATION_CONDITIONS = "DEBUG $(inherited)";
				SWIFT_OPTIMIZATION_LEVEL = "-Onone";
			};
			name = Debug;
		};
		41E8B1422DC1132400B22B0F /* Release */ = {
			isa = XCBuildConfiguration;
			buildSettings = {
				ALWAYS_SEARCH_USER_PATHS = NO;
				ASSETCATALOG_COMPILER_GENERATE_SWIFT_ASSET_SYMBOL_EXTENSIONS = YES;
				CLANG_ANALYZER_NONNULL = YES;
				CLANG_ANALYZER_NUMBER_OBJECT_CONVERSION = YES_AGGRESSIVE;
				CLANG_CXX_LANGUAGE_STANDARD = "gnu++20";
				CLANG_ENABLE_MODULES = YES;
				CLANG_ENABLE_OBJC_ARC = YES;
				CLANG_ENABLE_OBJC_WEAK = YES;
				CLANG_WARN_BLOCK_CAPTURE_AUTORELEASING = YES;
				CLANG_WARN_BOOL_CONVERSION = YES;
				CLANG_WARN_COMMA = YES;
				CLANG_WARN_CONSTANT_CONVERSION = YES;
				CLANG_WARN_DEPRECATED_OBJC_IMPLEMENTATIONS = YES;
				CLANG_WARN_DIRECT_OBJC_ISA_USAGE = YES_ERROR;
				CLANG_WARN_DOCUMENTATION_COMMENTS = YES;
				CLANG_WARN_EMPTY_BODY = YES;
				CLANG_WARN_ENUM_CONVERSION = YES;
				CLANG_WARN_INFINITE_RECURSION = YES;
				CLANG_WARN_INT_CONVERSION = YES;
				CLANG_WARN_NON_LITERAL_NULL_CONVERSION = YES;
				CLANG_WARN_OBJC_IMPLICIT_RETAIN_SELF = YES;
				CLANG_WARN_OBJC_LITERAL_CONVERSION = YES;
				CLANG_WARN_OBJC_ROOT_CLASS = YES_ERROR;
				CLANG_WARN_QUOTED_INCLUDE_IN_FRAMEWORK_HEADER = YES;
				CLANG_WARN_RANGE_LOOP_ANALYSIS = YES;
				CLANG_WARN_STRICT_PROTOTYPES = YES;
				CLANG_WARN_SUSPICIOUS_MOVE = YES;
				CLANG_WARN_UNGUARDED_AVAILABILITY = YES_AGGRESSIVE;
				CLANG_WARN_UNREACHABLE_CODE = YES;
				CLANG_WARN__DUPLICATE_METHOD_MATCH = YES;
				COPY_PHASE_STRIP = NO;
				DEBUG_INFORMATION_FORMAT = "dwarf-with-dsym";
				DEVELOPMENT_TEAM = G2FHPN9ZR2;
				ENABLE_NS_ASSERTIONS = NO;
				ENABLE_STRICT_OBJC_MSGSEND = YES;
				ENABLE_USER_SCRIPT_SANDBOXING = YES;
				GCC_C_LANGUAGE_STANDARD = gnu17;
				GCC_NO_COMMON_BLOCKS = YES;
				GCC_WARN_64_TO_32_BIT_CONVERSION = YES;
				GCC_WARN_ABOUT_RETURN_TYPE = YES_ERROR;
				GCC_WARN_UNDECLARED_SELECTOR = YES;
				GCC_WARN_UNINITIALIZED_AUTOS = YES_AGGRESSIVE;
				GCC_WARN_UNUSED_FUNCTION = YES;
				GCC_WARN_UNUSED_VARIABLE = YES;
				IPHONEOS_DEPLOYMENT_TARGET = 18.4;
				LOCALIZATION_PREFERS_STRING_CATALOGS = YES;
				MTL_ENABLE_DEBUG_INFO = NO;
				MTL_FAST_MATH = YES;
				SDKROOT = iphoneos;
				SWIFT_COMPILATION_MODE = wholemodule;
				VALIDATE_PRODUCT = YES;
			};
			name = Release;
		};
		41E8B1442DC1132400B22B0F /* Debug */ = {
			isa = XCBuildConfiguration;
			buildSettings = {
				ASSETCATALOG_COMPILER_APPICON_NAME = AppIcon;
				ASSETCATALOG_COMPILER_GLOBAL_ACCENT_COLOR_NAME = AccentColor;
				CODE_SIGN_STYLE = Automatic;
				CURRENT_PROJECT_VERSION = 1;
				DEVELOPMENT_TEAM = G2FHPN9ZR2;
				ENABLE_PREVIEWS = YES;
				GENERATE_INFOPLIST_FILE = YES;
				INFOPLIST_KEY_UIApplicationSceneManifest_Generation = YES;
				INFOPLIST_KEY_UIApplicationSupportsIndirectInputEvents = YES;
				INFOPLIST_KEY_UILaunchScreen_Generation = YES;
				INFOPLIST_KEY_UISupportedInterfaceOrientations_iPad = "UIInterfaceOrientationPortrait UIInterfaceOrientationPortraitUpsideDown UIInterfaceOrientationLandscapeLeft UIInterfaceOrientationLandscapeRight";
				INFOPLIST_KEY_UISupportedInterfaceOrientations_iPhone = "UIInterfaceOrientationPortrait UIInterfaceOrientationLandscapeLeft UIInterfaceOrientationLandscapeRight";
				LD_RUNPATH_SEARCH_PATHS = (
					"$(inherited)",
					"@executable_path/Frameworks",
				);
				MARKETING_VERSION = 1.0;
				PRODUCT_BUNDLE_IDENTIFIER = ali.bookSummary;
				PRODUCT_NAME = "$(TARGET_NAME)";
				SWIFT_EMIT_LOC_STRINGS = YES;
				SWIFT_VERSION = 5.0;
				TARGETED_DEVICE_FAMILY = "1,2";
			};
			name = Debug;
		};
		41E8B1452DC1132400B22B0F /* Release */ = {
			isa = XCBuildConfiguration;
			buildSettings = {
				ASSETCATALOG_COMPILER_APPICON_NAME = AppIcon;
				ASSETCATALOG_COMPILER_GLOBAL_ACCENT_COLOR_NAME = AccentColor;
				CODE_SIGN_STYLE = Automatic;
				CURRENT_PROJECT_VERSION = 1;
				DEVELOPMENT_TEAM = G2FHPN9ZR2;
				ENABLE_PREVIEWS = YES;
				GENERATE_INFOPLIST_FILE = YES;
				INFOPLIST_KEY_UIApplicationSceneManifest_Generation = YES;
				INFOPLIST_KEY_UIApplicationSupportsIndirectInputEvents = YES;
				INFOPLIST_KEY_UILaunchScreen_Generation = YES;
				INFOPLIST_KEY_UISupportedInterfaceOrientations_iPad = "UIInterfaceOrientationPortrait UIInterfaceOrientationPortraitUpsideDown UIInterfaceOrientationLandscapeLeft UIInterfaceOrientationLandscapeRight";
				INFOPLIST_KEY_UISupportedInterfaceOrientations_iPhone = "UIInterfaceOrientationPortrait UIInterfaceOrientationLandscapeLeft UIInterfaceOrientationLandscapeRight";
				LD_RUNPATH_SEARCH_PATHS = (
					"$(inherited)",
					"@executable_path/Frameworks",
				);
				MARKETING_VERSION = 1.0;
				PRODUCT_BUNDLE_IDENTIFIER = ali.bookSummary;
				PRODUCT_NAME = "$(TARGET_NAME)";
				SWIFT_EMIT_LOC_STRINGS = YES;
				SWIFT_VERSION = 5.0;
				TARGETED_DEVICE_FAMILY = "1,2";
			};
			name = Release;
		};
		41E8B1472DC1132400B22B0F /* Debug */ = {
			isa = XCBuildConfiguration;
			buildSettings = {
				BUNDLE_LOADER = "$(TEST_HOST)";
				CODE_SIGN_STYLE = Automatic;
				CURRENT_PROJECT_VERSION = 1;
				DEVELOPMENT_TEAM = G2FHPN9ZR2;
				GENERATE_INFOPLIST_FILE = YES;
				IPHONEOS_DEPLOYMENT_TARGET = 18.4;
				MARKETING_VERSION = 1.0;
				PRODUCT_BUNDLE_IDENTIFIER = ali.bookSummaryTests;
				PRODUCT_NAME = "$(TARGET_NAME)";
				SWIFT_EMIT_LOC_STRINGS = NO;
				SWIFT_VERSION = 5.0;
				TARGETED_DEVICE_FAMILY = "1,2";
				TEST_HOST = "$(BUILT_PRODUCTS_DIR)/bookSummary.app/$(BUNDLE_EXECUTABLE_FOLDER_PATH)/bookSummary";
			};
			name = Debug;
		};
		41E8B1482DC1132400B22B0F /* Release */ = {
			isa = XCBuildConfiguration;
			buildSettings = {
				BUNDLE_LOADER = "$(TEST_HOST)";
				CODE_SIGN_STYLE = Automatic;
				CURRENT_PROJECT_VERSION = 1;
				DEVELOPMENT_TEAM = G2FHPN9ZR2;
				GENERATE_INFOPLIST_FILE = YES;
				IPHONEOS_DEPLOYMENT_TARGET = 18.4;
				MARKETING_VERSION = 1.0;
				PRODUCT_BUNDLE_IDENTIFIER = ali.bookSummaryTests;
				PRODUCT_NAME = "$(TARGET_NAME)";
				SWIFT_EMIT_LOC_STRINGS = NO;
				SWIFT_VERSION = 5.0;
				TARGETED_DEVICE_FAMILY = "1,2";
				TEST_HOST = "$(BUILT_PRODUCTS_DIR)/bookSummary.app/$(BUNDLE_EXECUTABLE_FOLDER_PATH)/bookSummary";
			};
			name = Release;
		};
		41E8B14A2DC1132400B22B0F /* Debug */ = {
			isa = XCBuildConfiguration;
			buildSettings = {
				CODE_SIGN_STYLE = Automatic;
				CURRENT_PROJECT_VERSION = 1;
				DEVELOPMENT_TEAM = G2FHPN9ZR2;
				GENERATE_INFOPLIST_FILE = YES;
				MARKETING_VERSION = 1.0;
				PRODUCT_BUNDLE_IDENTIFIER = ali.bookSummaryUITests;
				PRODUCT_NAME = "$(TARGET_NAME)";
				SWIFT_EMIT_LOC_STRINGS = NO;
				SWIFT_VERSION = 5.0;
				TARGETED_DEVICE_FAMILY = "1,2";
				TEST_TARGET_NAME = bookSummary;
			};
			name = Debug;
		};
		41E8B14B2DC1132400B22B0F /* Release */ = {
			isa = XCBuildConfiguration;
			buildSettings = {
				CODE_SIGN_STYLE = Automatic;
				CURRENT_PROJECT_VERSION = 1;
				DEVELOPMENT_TEAM = G2FHPN9ZR2;
				GENERATE_INFOPLIST_FILE = YES;
				MARKETING_VERSION = 1.0;
				PRODUCT_BUNDLE_IDENTIFIER = ali.bookSummaryUITests;
				PRODUCT_NAME = "$(TARGET_NAME)";
				SWIFT_EMIT_LOC_STRINGS = NO;
				SWIFT_VERSION = 5.0;
				TARGETED_DEVICE_FAMILY = "1,2";
				TEST_TARGET_NAME = bookSummary;
			};
			name = Release;
		};
/* End XCBuildConfiguration section */

/* Begin XCConfigurationList section */
		41E8B11D2DC1132100B22B0F /* Build configuration list for PBXProject "bookSummary" */ = {
			isa = XCConfigurationList;
			buildConfigurations = (
				41E8B1412DC1132400B22B0F /* Debug */,
				41E8B1422DC1132400B22B0F /* Release */,
			);
			defaultConfigurationIsVisible = 0;
			defaultConfigurationName = Release;
		};
		41E8B1432DC1132400B22B0F /* Build configuration list for PBXNativeTarget "bookSummary" */ = {
			isa = XCConfigurationList;
			buildConfigurations = (
				41E8B1442DC1132400B22B0F /* Debug */,
				41E8B1452DC1132400B22B0F /* Release */,
			);
			defaultConfigurationIsVisible = 0;
			defaultConfigurationName = Release;
		};
		41E8B1462DC1132400B22B0F /* Build configuration list for PBXNativeTarget "bookSummaryTests" */ = {
			isa = XCConfigurationList;
			buildConfigurations = (
				41E8B1472DC1132400B22B0F /* Debug */,
				41E8B1482DC1132400B22B0F /* Release */,
			);
			defaultConfigurationIsVisible = 0;
			defaultConfigurationName = Release;
		};
		41E8B1492DC1132400B22B0F /* Build configuration list for PBXNativeTarget "bookSummaryUITests" */ = {
			isa = XCConfigurationList;
			buildConfigurations = (
				41E8B14A2DC1132400B22B0F /* Debug */,
				41E8B14B2DC1132400B22B0F /* Release */,
			);
			defaultConfigurationIsVisible = 0;
			defaultConfigurationName = Release;
		};
/* End XCConfigurationList section */
	};
	rootObject = 41E8B11A2DC1132100B22B0F /* Project object */;
}
